// !$*UTF8*$!
{
	archiveVersion = 1;
	classes = {
	};
	objectVersion = 46;
	objects = {

/* Begin PBXBuildFile section */
		37A6059A160BFB700010180A /* SWFeedAPI.m in Sources */ = {isa = PBXBuildFile; fileRef = 37A60599160BFB700010180A /* SWFeedAPI.m */; };
		88183289160AD95400B3F6D2 /* SWFeed.m in Sources */ = {isa = PBXBuildFile; fileRef = 88183288160AD95400B3F6D2 /* SWFeed.m */; };
		88510EA315FFEA80009892C7 /* timescroll_pointer.png in Resources */ = {isa = PBXBuildFile; fileRef = 88510E9B15FFEA80009892C7 /* timescroll_pointer.png */; };
		88510EA415FFEA80009892C7 /* timescroll_pointer@2x.png in Resources */ = {isa = PBXBuildFile; fileRef = 88510E9C15FFEA80009892C7 /* timescroll_pointer@2x.png */; };
		88510EA515FFEA80009892C7 /* TimeScroller.m in Sources */ = {isa = PBXBuildFile; fileRef = 88510E9E15FFEA80009892C7 /* TimeScroller.m */; };
		88510EA915FFEB49009892C7 /* SWHelpers.m in Sources */ = {isa = PBXBuildFile; fileRef = 88510EA815FFEB49009892C7 /* SWHelpers.m */; };
		88510EB716004A44009892C7 /* SVProgressHUD.bundle in Resources */ = {isa = PBXBuildFile; fileRef = 88510EB416004A44009892C7 /* SVProgressHUD.bundle */; };
		88510EB816004A44009892C7 /* SVProgressHUD.m in Sources */ = {isa = PBXBuildFile; fileRef = 88510EB616004A44009892C7 /* SVProgressHUD.m */; settings = {COMPILER_FLAGS = "-fno-objc-arc"; }; };
		88510EC016004C89009892C7 /* ODRefreshControl.m in Sources */ = {isa = PBXBuildFile; fileRef = 88510EBF16004C89009892C7 /* ODRefreshControl.m */; };
		88510EC316004E4B009892C7 /* SWUserAPI.m in Sources */ = {isa = PBXBuildFile; fileRef = 88510EC216004E4B009892C7 /* SWUserAPI.m */; };
		88510EC6160050A9009892C7 /* SWPostDetailViewController.m in Sources */ = {isa = PBXBuildFile; fileRef = 88510EC5160050A9009892C7 /* SWPostDetailViewController.m */; };
		88510EC916005502009892C7 /* SWUserCell.m in Sources */ = {isa = PBXBuildFile; fileRef = 88510EC816005502009892C7 /* SWUserCell.m */; };
		88510ECC1600562D009892C7 /* SWActionCell.m in Sources */ = {isa = PBXBuildFile; fileRef = 88510ECB1600562D009892C7 /* SWActionCell.m */; };
		88510ECF16005BA0009892C7 /* SWUserDetailViewController.m in Sources */ = {isa = PBXBuildFile; fileRef = 88510ECE16005BA0009892C7 /* SWUserDetailViewController.m */; };
		88510ED416005E58009892C7 /* replyAllIcon.png in Resources */ = {isa = PBXBuildFile; fileRef = 88510ED016005E58009892C7 /* replyAllIcon.png */; };
		88510ED516005E58009892C7 /* replyIcon.png in Resources */ = {isa = PBXBuildFile; fileRef = 88510ED116005E58009892C7 /* replyIcon.png */; };
		88510ED616005E58009892C7 /* replyAllIcon@2x.png in Resources */ = {isa = PBXBuildFile; fileRef = 88510ED216005E58009892C7 /* replyAllIcon@2x.png */; };
		88510ED716005E58009892C7 /* replyIcon@2x.png in Resources */ = {isa = PBXBuildFile; fileRef = 88510ED316005E58009892C7 /* replyIcon@2x.png */; };
		88510EDD16005F1C009892C7 /* replyAllIconSmall.png in Resources */ = {isa = PBXBuildFile; fileRef = 88510ED916005F1B009892C7 /* replyAllIconSmall.png */; };
		88510EDE16005F1C009892C7 /* replyIconSmall.png in Resources */ = {isa = PBXBuildFile; fileRef = 88510EDA16005F1C009892C7 /* replyIconSmall.png */; };
		88510EDF16005F1C009892C7 /* replyAllIconSmall@2x.png in Resources */ = {isa = PBXBuildFile; fileRef = 88510EDB16005F1C009892C7 /* replyAllIconSmall@2x.png */; };
		88510EE016005F1C009892C7 /* replyIconSmall@2x.png in Resources */ = {isa = PBXBuildFile; fileRef = 88510EDC16005F1C009892C7 /* replyIconSmall@2x.png */; };
		88510EE516005F7A009892C7 /* starIcon.png in Resources */ = {isa = PBXBuildFile; fileRef = 88510EE116005F7A009892C7 /* starIcon.png */; };
		88510EE616005F7A009892C7 /* starIconSmall.png in Resources */ = {isa = PBXBuildFile; fileRef = 88510EE216005F7A009892C7 /* starIconSmall.png */; };
		88510EE716005F7A009892C7 /* starIconSmall@2x.png in Resources */ = {isa = PBXBuildFile; fileRef = 88510EE316005F7A009892C7 /* starIconSmall@2x.png */; };
		88510EE816005F7B009892C7 /* starIcon@2x.png in Resources */ = {isa = PBXBuildFile; fileRef = 88510EE416005F7A009892C7 /* starIcon@2x.png */; };
		88510EF216006611009892C7 /* NSAttributedString+Attributes.m in Sources */ = {isa = PBXBuildFile; fileRef = 88510EEF16006611009892C7 /* NSAttributedString+Attributes.m */; };
		88510EF316006611009892C7 /* OHAttributedLabel.m in Sources */ = {isa = PBXBuildFile; fileRef = 88510EF116006611009892C7 /* OHAttributedLabel.m */; };
		88510EF6160066C4009892C7 /* CoreText.framework in Frameworks */ = {isa = PBXBuildFile; fileRef = 88510EF4160066BD009892C7 /* CoreText.framework */; };
		8878B03B160122C600691C54 /* repostIcon.png in Resources */ = {isa = PBXBuildFile; fileRef = 8878B037160122C600691C54 /* repostIcon.png */; };
		8878B03C160122C600691C54 /* repostIconSmall.png in Resources */ = {isa = PBXBuildFile; fileRef = 8878B038160122C600691C54 /* repostIconSmall.png */; };
		8878B03D160122C600691C54 /* repostIconSmall@2x.png in Resources */ = {isa = PBXBuildFile; fileRef = 8878B039160122C600691C54 /* repostIconSmall@2x.png */; };
		8878B03E160122C600691C54 /* repostIcon@2x.png in Resources */ = {isa = PBXBuildFile; fileRef = 8878B03A160122C600691C54 /* repostIcon@2x.png */; };
		8878B04716012BB500691C54 /* moreIcon.png in Resources */ = {isa = PBXBuildFile; fileRef = 8878B04516012BB500691C54 /* moreIcon.png */; };
		8878B04816012BB500691C54 /* moreIcon@2x.png in Resources */ = {isa = PBXBuildFile; fileRef = 8878B04616012BB500691C54 /* moreIcon@2x.png */; };
		8878B05A16014E0F00691C54 /* back.png in Resources */ = {isa = PBXBuildFile; fileRef = 8878B05616014E0F00691C54 /* back.png */; };
		8878B05B16014E0F00691C54 /* back@2x.png in Resources */ = {isa = PBXBuildFile; fileRef = 8878B05716014E0F00691C54 /* back@2x.png */; };
		8878B05C16014E0F00691C54 /* forward.png in Resources */ = {isa = PBXBuildFile; fileRef = 8878B05816014E0F00691C54 /* forward.png */; };
		8878B05D16014E0F00691C54 /* forward@2x.png in Resources */ = {isa = PBXBuildFile; fileRef = 8878B05916014E0F00691C54 /* forward@2x.png */; };
		8878B06116014ED100691C54 /* SWWebViewController.m in Sources */ = {isa = PBXBuildFile; fileRef = 8878B06016014ED100691C54 /* SWWebViewController.m */; };
		8878B0731601704200691C54 /* SWComposeViewController.m in Sources */ = {isa = PBXBuildFile; fileRef = 8878B0721601704200691C54 /* SWComposeViewController.m */; };
		8878B07D160250F700691C54 /* SWUserListViewController.m in Sources */ = {isa = PBXBuildFile; fileRef = 8878B07C160250F700691C54 /* SWUserListViewController.m */; };
		8878B0821602584F00691C54 /* chatIcon.png in Resources */ = {isa = PBXBuildFile; fileRef = 8878B07E1602584F00691C54 /* chatIcon.png */; };
		8878B0831602584F00691C54 /* chatIconSmall.png in Resources */ = {isa = PBXBuildFile; fileRef = 8878B07F1602584F00691C54 /* chatIconSmall.png */; };
		8878B0841602584F00691C54 /* chatIconSmall@2x.png in Resources */ = {isa = PBXBuildFile; fileRef = 8878B0801602584F00691C54 /* chatIconSmall@2x.png */; };
		8878B0851602584F00691C54 /* chatIcon@2x.png in Resources */ = {isa = PBXBuildFile; fileRef = 8878B0811602584F00691C54 /* chatIcon@2x.png */; };
		8887C115160285EA0035E804 /* starIconSmallWhite.png in Resources */ = {isa = PBXBuildFile; fileRef = 8887C113160285EA0035E804 /* starIconSmallWhite.png */; };
		8887C116160285EA0035E804 /* starIconSmallWhite@2x.png in Resources */ = {isa = PBXBuildFile; fileRef = 8887C114160285EA0035E804 /* starIconSmallWhite@2x.png */; };
		8887C11A160286250035E804 /* repostIconSmallWhite.png in Resources */ = {isa = PBXBuildFile; fileRef = 8887C118160286250035E804 /* repostIconSmallWhite.png */; };
		8887C11B160286250035E804 /* repostIconSmallWhite@2x.png in Resources */ = {isa = PBXBuildFile; fileRef = 8887C119160286250035E804 /* repostIconSmallWhite@2x.png */; };
		8887C11E160286630035E804 /* replyIconSmallWhite.png in Resources */ = {isa = PBXBuildFile; fileRef = 8887C11C160286630035E804 /* replyIconSmallWhite.png */; };
		8887C11F160286630035E804 /* replyIconSmallWhite@2x.png in Resources */ = {isa = PBXBuildFile; fileRef = 8887C11D160286630035E804 /* replyIconSmallWhite@2x.png */; };
		8887C12116028F1F0035E804 /* latticeIcon@2x.png in Resources */ = {isa = PBXBuildFile; fileRef = 8887C12016028F1F0035E804 /* latticeIcon@2x.png */; };
		8887C12316028F230035E804 /* latticeIcon.png in Resources */ = {isa = PBXBuildFile; fileRef = 8887C12216028F230035E804 /* latticeIcon.png */; };
		8887C1281602EF230035E804 /* goToTopIcon.png in Resources */ = {isa = PBXBuildFile; fileRef = 8887C1241602EF230035E804 /* goToTopIcon.png */; };
		8887C1291602EF230035E804 /* goToTopIconSmall.png in Resources */ = {isa = PBXBuildFile; fileRef = 8887C1251602EF230035E804 /* goToTopIconSmall.png */; };
		8887C12A1602EF230035E804 /* goToTopIconSmall@2x.png in Resources */ = {isa = PBXBuildFile; fileRef = 8887C1261602EF230035E804 /* goToTopIconSmall@2x.png */; };
		8887C12B1602EF230035E804 /* goToTopIcon@2x.png in Resources */ = {isa = PBXBuildFile; fileRef = 8887C1271602EF230035E804 /* goToTopIcon@2x.png */; };
		8887C13F1603B53E0035E804 /* hashtagIcon.png in Resources */ = {isa = PBXBuildFile; fileRef = 8887C13D1603B53E0035E804 /* hashtagIcon.png */; };
		8887C1401603B53E0035E804 /* hashtagIcon@2x.png in Resources */ = {isa = PBXBuildFile; fileRef = 8887C13E1603B53E0035E804 /* hashtagIcon@2x.png */; };
		8887C1441603B5EC0035E804 /* atIcon.png in Resources */ = {isa = PBXBuildFile; fileRef = 8887C1421603B5EC0035E804 /* atIcon.png */; };
		8887C1451603B5EC0035E804 /* atIcon@2x.png in Resources */ = {isa = PBXBuildFile; fileRef = 8887C1431603B5EC0035E804 /* atIcon@2x.png */; };
		8887C1571603B9090035E804 /* V8HorizontalPickerView.m in Sources */ = {isa = PBXBuildFile; fileRef = 8887C1551603B9090035E804 /* V8HorizontalPickerView.m */; settings = {COMPILER_FLAGS = "-fno-objc-arc"; }; };
		8887C1601603CFCC0035E804 /* cameraIcon.png in Resources */ = {isa = PBXBuildFile; fileRef = 8887C15C1603CFCC0035E804 /* cameraIcon.png */; };
		8887C1611603CFCC0035E804 /* cameraIconSmall.png in Resources */ = {isa = PBXBuildFile; fileRef = 8887C15D1603CFCC0035E804 /* cameraIconSmall.png */; };
		8887C1621603CFCC0035E804 /* cameraIconSmall@2x.png in Resources */ = {isa = PBXBuildFile; fileRef = 8887C15E1603CFCC0035E804 /* cameraIconSmall@2x.png */; };
		8887C1631603CFCC0035E804 /* cameraIcon@2x.png in Resources */ = {isa = PBXBuildFile; fileRef = 8887C15F1603CFCC0035E804 /* cameraIcon@2x.png */; };
		88AA3BFB15FF8BB800B550D2 /* UIKit.framework in Frameworks */ = {isa = PBXBuildFile; fileRef = 88AA3BFA15FF8BB800B550D2 /* UIKit.framework */; };
		88AA3BFD15FF8BB800B550D2 /* Foundation.framework in Frameworks */ = {isa = PBXBuildFile; fileRef = 88AA3BFC15FF8BB800B550D2 /* Foundation.framework */; };
		88AA3BFF15FF8BB800B550D2 /* CoreGraphics.framework in Frameworks */ = {isa = PBXBuildFile; fileRef = 88AA3BFE15FF8BB800B550D2 /* CoreGraphics.framework */; };
		88AA3C0515FF8BB800B550D2 /* InfoPlist.strings in Resources */ = {isa = PBXBuildFile; fileRef = 88AA3C0315FF8BB800B550D2 /* InfoPlist.strings */; };
		88AA3C0715FF8BB800B550D2 /* main.m in Sources */ = {isa = PBXBuildFile; fileRef = 88AA3C0615FF8BB800B550D2 /* main.m */; };
		88AA3C0B15FF8BB800B550D2 /* SWAppDelegate.m in Sources */ = {isa = PBXBuildFile; fileRef = 88AA3C0A15FF8BB800B550D2 /* SWAppDelegate.m */; };
		88AA3C0E15FF8BB800B550D2 /* MainStoryboard.storyboard in Resources */ = {isa = PBXBuildFile; fileRef = 88AA3C0C15FF8BB800B550D2 /* MainStoryboard.storyboard */; };
		88AA3C1315FF8BB800B550D2 /* first.png in Resources */ = {isa = PBXBuildFile; fileRef = 88AA3C1215FF8BB800B550D2 /* first.png */; };
		88AA3C1515FF8BB800B550D2 /* first@2x.png in Resources */ = {isa = PBXBuildFile; fileRef = 88AA3C1415FF8BB800B550D2 /* first@2x.png */; };
		88AA3C1A15FF8BB800B550D2 /* second.png in Resources */ = {isa = PBXBuildFile; fileRef = 88AA3C1915FF8BB800B550D2 /* second.png */; };
		88AA3C1C15FF8BB800B550D2 /* second@2x.png in Resources */ = {isa = PBXBuildFile; fileRef = 88AA3C1B15FF8BB800B550D2 /* second@2x.png */; };
		88AA3C2515FF964C00B550D2 /* SWFeedViewController.m in Sources */ = {isa = PBXBuildFile; fileRef = 88AA3C2415FF964C00B550D2 /* SWFeedViewController.m */; };
		88AA3C2915FF96B000B550D2 /* SWPostCell.m in Sources */ = {isa = PBXBuildFile; fileRef = 88AA3C2815FF96B000B550D2 /* SWPostCell.m */; };
		88AA3C3115FFAA2000B550D2 /* avatarExample.png in Resources */ = {isa = PBXBuildFile; fileRef = 88AA3C2F15FFAA2000B550D2 /* avatarExample.png */; };
		88AA3C3215FFAA2000B550D2 /* avatarExample@2x.png in Resources */ = {isa = PBXBuildFile; fileRef = 88AA3C3015FFAA2000B550D2 /* avatarExample@2x.png */; };
		88AA3C3515FFAD4E00B550D2 /* QuartzCore.framework in Frameworks */ = {isa = PBXBuildFile; fileRef = 88AA3C3315FFAD4700B550D2 /* QuartzCore.framework */; };
		88AA3C4415FFCC2800B550D2 /* SWMainMenuViewController.m in Sources */ = {isa = PBXBuildFile; fileRef = 88AA3C4315FFCC2800B550D2 /* SWMainMenuViewController.m */; };
		88AA3C4F15FFD2D400B550D2 /* SWConnectViewController.m in Sources */ = {isa = PBXBuildFile; fileRef = 88AA3C4E15FFD2D400B550D2 /* SWConnectViewController.m */; };
		88AA3C7615FFD82300B550D2 /* AFHTTPClient.m in Sources */ = {isa = PBXBuildFile; fileRef = 88AA3C6215FFD82300B550D2 /* AFHTTPClient.m */; settings = {COMPILER_FLAGS = "-fno-objc-arc"; }; };
		88AA3C7715FFD82300B550D2 /* AFHTTPRequestOperation.m in Sources */ = {isa = PBXBuildFile; fileRef = 88AA3C6415FFD82300B550D2 /* AFHTTPRequestOperation.m */; settings = {COMPILER_FLAGS = "-fno-objc-arc"; }; };
		88AA3C7815FFD82300B550D2 /* AFImageRequestOperation.m in Sources */ = {isa = PBXBuildFile; fileRef = 88AA3C6615FFD82300B550D2 /* AFImageRequestOperation.m */; settings = {COMPILER_FLAGS = "-fno-objc-arc"; }; };
		88AA3C7915FFD82300B550D2 /* AFJSONRequestOperation.m in Sources */ = {isa = PBXBuildFile; fileRef = 88AA3C6815FFD82300B550D2 /* AFJSONRequestOperation.m */; settings = {COMPILER_FLAGS = "-fno-objc-arc"; }; };
		88AA3C7A15FFD82300B550D2 /* AFJSONUtilities.m in Sources */ = {isa = PBXBuildFile; fileRef = 88AA3C6A15FFD82300B550D2 /* AFJSONUtilities.m */; settings = {COMPILER_FLAGS = "-fno-objc-arc"; }; };
		88AA3C7B15FFD82300B550D2 /* AFNetworkActivityIndicatorManager.m in Sources */ = {isa = PBXBuildFile; fileRef = 88AA3C6C15FFD82300B550D2 /* AFNetworkActivityIndicatorManager.m */; settings = {COMPILER_FLAGS = "-fno-objc-arc"; }; };
		88AA3C7C15FFD82300B550D2 /* AFPropertyListRequestOperation.m in Sources */ = {isa = PBXBuildFile; fileRef = 88AA3C6F15FFD82300B550D2 /* AFPropertyListRequestOperation.m */; settings = {COMPILER_FLAGS = "-fno-objc-arc"; }; };
		88AA3C7D15FFD82300B550D2 /* AFURLConnectionOperation.m in Sources */ = {isa = PBXBuildFile; fileRef = 88AA3C7115FFD82300B550D2 /* AFURLConnectionOperation.m */; settings = {COMPILER_FLAGS = "-fno-objc-arc"; }; };
		88AA3C7E15FFD82300B550D2 /* AFXMLRequestOperation.m in Sources */ = {isa = PBXBuildFile; fileRef = 88AA3C7315FFD82300B550D2 /* AFXMLRequestOperation.m */; settings = {COMPILER_FLAGS = "-fno-objc-arc"; }; };
		88AA3C7F15FFD82300B550D2 /* UIImageView+AFNetworking.m in Sources */ = {isa = PBXBuildFile; fileRef = 88AA3C7515FFD82300B550D2 /* UIImageView+AFNetworking.m */; settings = {COMPILER_FLAGS = "-fno-objc-arc"; }; };
		88AA3C8415FFD8B100B550D2 /* SWPostAPI.m in Sources */ = {isa = PBXBuildFile; fileRef = 88AA3C8315FFD8B100B550D2 /* SWPostAPI.m */; };
		88AA3C8715FFD97500B550D2 /* SWAuthAPI.m in Sources */ = {isa = PBXBuildFile; fileRef = 88AA3C8615FFD97500B550D2 /* SWAuthAPI.m */; };
		88B435E9160D057000DEF194 /* SWItemAPI.m in Sources */ = {isa = PBXBuildFile; fileRef = 88B435E8160D057000DEF194 /* SWItemAPI.m */; };
		88B837301607A0E70066138D /* Default-568h@2x.png in Resources */ = {isa = PBXBuildFile; fileRef = 88B8372F1607A0E70066138D /* Default-568h@2x.png */; };
		88F06203160C0213003F21AC /* SWAnnotationView.m in Sources */ = {isa = PBXBuildFile; fileRef = 88F06202160C0213003F21AC /* SWAnnotationView.m */; };
		88F06207160C0442003F21AC /* SWAnnotationCell.m in Sources */ = {isa = PBXBuildFile; fileRef = 88F06206160C0442003F21AC /* SWAnnotationCell.m */; };
		88F06211160C16D5003F21AC /* SWPhotoImageView.m in Sources */ = {isa = PBXBuildFile; fileRef = 88F06210160C16D5003F21AC /* SWPhotoImageView.m */; };
		88F06217160C1F3D003F21AC /* LBYouTubePlayerController.m in Sources */ = {isa = PBXBuildFile; fileRef = 88F06214160C1F3D003F21AC /* LBYouTubePlayerController.m */; };
		88F06218160C1F3D003F21AC /* LBYouTubePlayerViewController.m in Sources */ = {isa = PBXBuildFile; fileRef = 88F06216160C1F3D003F21AC /* LBYouTubePlayerViewController.m */; };
		88F0621C160C1F5C003F21AC /* MediaPlayer.framework in Frameworks */ = {isa = PBXBuildFile; fileRef = 88F0621A160C1F52003F21AC /* MediaPlayer.framework */; };
/* End PBXBuildFile section */

/* Begin PBXFileReference section */
		37A60598160BFB700010180A /* SWFeedAPI.h */ = {isa = PBXFileReference; fileEncoding = 4; lastKnownFileType = sourcecode.c.h; lineEnding = 0; path = SWFeedAPI.h; sourceTree = "<group>"; xcLanguageSpecificationIdentifier = xcode.lang.objcpp; };
		37A60599160BFB700010180A /* SWFeedAPI.m */ = {isa = PBXFileReference; fileEncoding = 4; lastKnownFileType = sourcecode.c.objc; lineEnding = 0; path = SWFeedAPI.m; sourceTree = "<group>"; xcLanguageSpecificationIdentifier = xcode.lang.objc; };
		88183287160AD95400B3F6D2 /* SWFeed.h */ = {isa = PBXFileReference; fileEncoding = 4; lastKnownFileType = sourcecode.c.h; lineEnding = 0; path = SWFeed.h; sourceTree = "<group>"; xcLanguageSpecificationIdentifier = xcode.lang.objcpp; };
		88183288160AD95400B3F6D2 /* SWFeed.m */ = {isa = PBXFileReference; fileEncoding = 4; lastKnownFileType = sourcecode.c.objc; lineEnding = 0; path = SWFeed.m; sourceTree = "<group>"; xcLanguageSpecificationIdentifier = xcode.lang.objc; };
		88510E9B15FFEA80009892C7 /* timescroll_pointer.png */ = {isa = PBXFileReference; lastKnownFileType = image.png; path = timescroll_pointer.png; sourceTree = "<group>"; };
		88510E9C15FFEA80009892C7 /* timescroll_pointer@2x.png */ = {isa = PBXFileReference; lastKnownFileType = image.png; path = "timescroll_pointer@2x.png"; sourceTree = "<group>"; };
		88510E9D15FFEA80009892C7 /* TimeScroller.h */ = {isa = PBXFileReference; fileEncoding = 4; lastKnownFileType = sourcecode.c.h; path = TimeScroller.h; sourceTree = "<group>"; };
		88510E9E15FFEA80009892C7 /* TimeScroller.m */ = {isa = PBXFileReference; fileEncoding = 4; lastKnownFileType = sourcecode.c.objc; path = TimeScroller.m; sourceTree = "<group>"; };
		88510EA715FFEB49009892C7 /* SWHelpers.h */ = {isa = PBXFileReference; fileEncoding = 4; lastKnownFileType = sourcecode.c.h; path = SWHelpers.h; sourceTree = "<group>"; };
		88510EA815FFEB49009892C7 /* SWHelpers.m */ = {isa = PBXFileReference; fileEncoding = 4; lastKnownFileType = sourcecode.c.objc; path = SWHelpers.m; sourceTree = "<group>"; };
		88510EB416004A44009892C7 /* SVProgressHUD.bundle */ = {isa = PBXFileReference; lastKnownFileType = "wrapper.plug-in"; path = SVProgressHUD.bundle; sourceTree = "<group>"; };
		88510EB516004A44009892C7 /* SVProgressHUD.h */ = {isa = PBXFileReference; fileEncoding = 4; lastKnownFileType = sourcecode.c.h; path = SVProgressHUD.h; sourceTree = "<group>"; };
		88510EB616004A44009892C7 /* SVProgressHUD.m */ = {isa = PBXFileReference; fileEncoding = 4; lastKnownFileType = sourcecode.c.objc; path = SVProgressHUD.m; sourceTree = "<group>"; };
		88510EBE16004C89009892C7 /* ODRefreshControl.h */ = {isa = PBXFileReference; fileEncoding = 4; lastKnownFileType = sourcecode.c.h; path = ODRefreshControl.h; sourceTree = "<group>"; };
		88510EBF16004C89009892C7 /* ODRefreshControl.m */ = {isa = PBXFileReference; fileEncoding = 4; lastKnownFileType = sourcecode.c.objc; path = ODRefreshControl.m; sourceTree = "<group>"; };
		88510EC116004E4B009892C7 /* SWUserAPI.h */ = {isa = PBXFileReference; fileEncoding = 4; lastKnownFileType = sourcecode.c.h; lineEnding = 0; path = SWUserAPI.h; sourceTree = "<group>"; xcLanguageSpecificationIdentifier = xcode.lang.objcpp; };
		88510EC216004E4B009892C7 /* SWUserAPI.m */ = {isa = PBXFileReference; fileEncoding = 4; lastKnownFileType = sourcecode.c.objc; lineEnding = 0; path = SWUserAPI.m; sourceTree = "<group>"; xcLanguageSpecificationIdentifier = xcode.lang.objc; };
		88510EC4160050A9009892C7 /* SWPostDetailViewController.h */ = {isa = PBXFileReference; fileEncoding = 4; lastKnownFileType = sourcecode.c.h; path = SWPostDetailViewController.h; sourceTree = "<group>"; };
		88510EC5160050A9009892C7 /* SWPostDetailViewController.m */ = {isa = PBXFileReference; fileEncoding = 4; lastKnownFileType = sourcecode.c.objc; path = SWPostDetailViewController.m; sourceTree = "<group>"; };
		88510EC716005502009892C7 /* SWUserCell.h */ = {isa = PBXFileReference; fileEncoding = 4; lastKnownFileType = sourcecode.c.h; path = SWUserCell.h; sourceTree = "<group>"; };
		88510EC816005502009892C7 /* SWUserCell.m */ = {isa = PBXFileReference; fileEncoding = 4; lastKnownFileType = sourcecode.c.objc; path = SWUserCell.m; sourceTree = "<group>"; };
		88510ECA1600562D009892C7 /* SWActionCell.h */ = {isa = PBXFileReference; fileEncoding = 4; lastKnownFileType = sourcecode.c.h; lineEnding = 0; path = SWActionCell.h; sourceTree = "<group>"; xcLanguageSpecificationIdentifier = xcode.lang.objcpp; };
		88510ECB1600562D009892C7 /* SWActionCell.m */ = {isa = PBXFileReference; fileEncoding = 4; lastKnownFileType = sourcecode.c.objc; path = SWActionCell.m; sourceTree = "<group>"; };
		88510ECD16005BA0009892C7 /* SWUserDetailViewController.h */ = {isa = PBXFileReference; fileEncoding = 4; lastKnownFileType = sourcecode.c.h; path = SWUserDetailViewController.h; sourceTree = "<group>"; };
		88510ECE16005BA0009892C7 /* SWUserDetailViewController.m */ = {isa = PBXFileReference; fileEncoding = 4; lastKnownFileType = sourcecode.c.objc; path = SWUserDetailViewController.m; sourceTree = "<group>"; };
		88510ED016005E58009892C7 /* replyAllIcon.png */ = {isa = PBXFileReference; lastKnownFileType = image.png; path = replyAllIcon.png; sourceTree = "<group>"; };
		88510ED116005E58009892C7 /* replyIcon.png */ = {isa = PBXFileReference; lastKnownFileType = image.png; path = replyIcon.png; sourceTree = "<group>"; };
		88510ED216005E58009892C7 /* replyAllIcon@2x.png */ = {isa = PBXFileReference; lastKnownFileType = image.png; path = "replyAllIcon@2x.png"; sourceTree = "<group>"; };
		88510ED316005E58009892C7 /* replyIcon@2x.png */ = {isa = PBXFileReference; lastKnownFileType = image.png; path = "replyIcon@2x.png"; sourceTree = "<group>"; };
		88510ED916005F1B009892C7 /* replyAllIconSmall.png */ = {isa = PBXFileReference; lastKnownFileType = image.png; path = replyAllIconSmall.png; sourceTree = "<group>"; };
		88510EDA16005F1C009892C7 /* replyIconSmall.png */ = {isa = PBXFileReference; lastKnownFileType = image.png; path = replyIconSmall.png; sourceTree = "<group>"; };
		88510EDB16005F1C009892C7 /* replyAllIconSmall@2x.png */ = {isa = PBXFileReference; lastKnownFileType = image.png; path = "replyAllIconSmall@2x.png"; sourceTree = "<group>"; };
		88510EDC16005F1C009892C7 /* replyIconSmall@2x.png */ = {isa = PBXFileReference; lastKnownFileType = image.png; path = "replyIconSmall@2x.png"; sourceTree = "<group>"; };
		88510EE116005F7A009892C7 /* starIcon.png */ = {isa = PBXFileReference; lastKnownFileType = image.png; path = starIcon.png; sourceTree = "<group>"; };
		88510EE216005F7A009892C7 /* starIconSmall.png */ = {isa = PBXFileReference; lastKnownFileType = image.png; path = starIconSmall.png; sourceTree = "<group>"; };
		88510EE316005F7A009892C7 /* starIconSmall@2x.png */ = {isa = PBXFileReference; lastKnownFileType = image.png; path = "starIconSmall@2x.png"; sourceTree = "<group>"; };
		88510EE416005F7A009892C7 /* starIcon@2x.png */ = {isa = PBXFileReference; lastKnownFileType = image.png; path = "starIcon@2x.png"; sourceTree = "<group>"; };
		88510EEE16006611009892C7 /* NSAttributedString+Attributes.h */ = {isa = PBXFileReference; fileEncoding = 4; lastKnownFileType = sourcecode.c.h; path = "NSAttributedString+Attributes.h"; sourceTree = "<group>"; };
		88510EEF16006611009892C7 /* NSAttributedString+Attributes.m */ = {isa = PBXFileReference; fileEncoding = 4; lastKnownFileType = sourcecode.c.objc; lineEnding = 0; path = "NSAttributedString+Attributes.m"; sourceTree = "<group>"; xcLanguageSpecificationIdentifier = xcode.lang.objc; };
		88510EF016006611009892C7 /* OHAttributedLabel.h */ = {isa = PBXFileReference; fileEncoding = 4; lastKnownFileType = sourcecode.c.h; path = OHAttributedLabel.h; sourceTree = "<group>"; };
		88510EF116006611009892C7 /* OHAttributedLabel.m */ = {isa = PBXFileReference; fileEncoding = 4; lastKnownFileType = sourcecode.c.objc; lineEnding = 0; path = OHAttributedLabel.m; sourceTree = "<group>"; xcLanguageSpecificationIdentifier = xcode.lang.objc; };
		88510EF4160066BD009892C7 /* CoreText.framework */ = {isa = PBXFileReference; lastKnownFileType = wrapper.framework; name = CoreText.framework; path = System/Library/Frameworks/CoreText.framework; sourceTree = SDKROOT; };
		8878B037160122C600691C54 /* repostIcon.png */ = {isa = PBXFileReference; lastKnownFileType = image.png; path = repostIcon.png; sourceTree = "<group>"; };
		8878B038160122C600691C54 /* repostIconSmall.png */ = {isa = PBXFileReference; lastKnownFileType = image.png; path = repostIconSmall.png; sourceTree = "<group>"; };
		8878B039160122C600691C54 /* repostIconSmall@2x.png */ = {isa = PBXFileReference; lastKnownFileType = image.png; path = "repostIconSmall@2x.png"; sourceTree = "<group>"; };
		8878B03A160122C600691C54 /* repostIcon@2x.png */ = {isa = PBXFileReference; lastKnownFileType = image.png; path = "repostIcon@2x.png"; sourceTree = "<group>"; };
		8878B04516012BB500691C54 /* moreIcon.png */ = {isa = PBXFileReference; lastKnownFileType = image.png; path = moreIcon.png; sourceTree = "<group>"; };
		8878B04616012BB500691C54 /* moreIcon@2x.png */ = {isa = PBXFileReference; lastKnownFileType = image.png; path = "moreIcon@2x.png"; sourceTree = "<group>"; };
		8878B05616014E0F00691C54 /* back.png */ = {isa = PBXFileReference; lastKnownFileType = image.png; path = back.png; sourceTree = "<group>"; };
		8878B05716014E0F00691C54 /* back@2x.png */ = {isa = PBXFileReference; lastKnownFileType = image.png; path = "back@2x.png"; sourceTree = "<group>"; };
		8878B05816014E0F00691C54 /* forward.png */ = {isa = PBXFileReference; lastKnownFileType = image.png; path = forward.png; sourceTree = "<group>"; };
		8878B05916014E0F00691C54 /* forward@2x.png */ = {isa = PBXFileReference; lastKnownFileType = image.png; path = "forward@2x.png"; sourceTree = "<group>"; };
		8878B05F16014ED100691C54 /* SWWebViewController.h */ = {isa = PBXFileReference; fileEncoding = 4; lastKnownFileType = sourcecode.c.h; path = SWWebViewController.h; sourceTree = "<group>"; };
		8878B06016014ED100691C54 /* SWWebViewController.m */ = {isa = PBXFileReference; fileEncoding = 4; lastKnownFileType = sourcecode.c.objc; path = SWWebViewController.m; sourceTree = "<group>"; };
		8878B0711601704200691C54 /* SWComposeViewController.h */ = {isa = PBXFileReference; fileEncoding = 4; lastKnownFileType = sourcecode.c.h; path = SWComposeViewController.h; sourceTree = "<group>"; };
		8878B0721601704200691C54 /* SWComposeViewController.m */ = {isa = PBXFileReference; fileEncoding = 4; lastKnownFileType = sourcecode.c.objc; path = SWComposeViewController.m; sourceTree = "<group>"; };
		8878B07B160250F700691C54 /* SWUserListViewController.h */ = {isa = PBXFileReference; fileEncoding = 4; lastKnownFileType = sourcecode.c.h; lineEnding = 0; path = SWUserListViewController.h; sourceTree = "<group>"; xcLanguageSpecificationIdentifier = xcode.lang.objcpp; };
		8878B07C160250F700691C54 /* SWUserListViewController.m */ = {isa = PBXFileReference; fileEncoding = 4; lastKnownFileType = sourcecode.c.objc; lineEnding = 0; path = SWUserListViewController.m; sourceTree = "<group>"; xcLanguageSpecificationIdentifier = xcode.lang.objc; };
		8878B07E1602584F00691C54 /* chatIcon.png */ = {isa = PBXFileReference; lastKnownFileType = image.png; path = chatIcon.png; sourceTree = "<group>"; };
		8878B07F1602584F00691C54 /* chatIconSmall.png */ = {isa = PBXFileReference; lastKnownFileType = image.png; path = chatIconSmall.png; sourceTree = "<group>"; };
		8878B0801602584F00691C54 /* chatIconSmall@2x.png */ = {isa = PBXFileReference; lastKnownFileType = image.png; path = "chatIconSmall@2x.png"; sourceTree = "<group>"; };
		8878B0811602584F00691C54 /* chatIcon@2x.png */ = {isa = PBXFileReference; lastKnownFileType = image.png; path = "chatIcon@2x.png"; sourceTree = "<group>"; };
		8887C113160285EA0035E804 /* starIconSmallWhite.png */ = {isa = PBXFileReference; lastKnownFileType = image.png; path = starIconSmallWhite.png; sourceTree = "<group>"; };
		8887C114160285EA0035E804 /* starIconSmallWhite@2x.png */ = {isa = PBXFileReference; lastKnownFileType = image.png; path = "starIconSmallWhite@2x.png"; sourceTree = "<group>"; };
		8887C118160286250035E804 /* repostIconSmallWhite.png */ = {isa = PBXFileReference; lastKnownFileType = image.png; path = repostIconSmallWhite.png; sourceTree = "<group>"; };
		8887C119160286250035E804 /* repostIconSmallWhite@2x.png */ = {isa = PBXFileReference; lastKnownFileType = image.png; path = "repostIconSmallWhite@2x.png"; sourceTree = "<group>"; };
		8887C11C160286630035E804 /* replyIconSmallWhite.png */ = {isa = PBXFileReference; lastKnownFileType = image.png; path = replyIconSmallWhite.png; sourceTree = "<group>"; };
		8887C11D160286630035E804 /* replyIconSmallWhite@2x.png */ = {isa = PBXFileReference; lastKnownFileType = image.png; path = "replyIconSmallWhite@2x.png"; sourceTree = "<group>"; };
		8887C12016028F1F0035E804 /* latticeIcon@2x.png */ = {isa = PBXFileReference; lastKnownFileType = image.png; path = "latticeIcon@2x.png"; sourceTree = "<group>"; };
		8887C12216028F230035E804 /* latticeIcon.png */ = {isa = PBXFileReference; lastKnownFileType = image.png; path = latticeIcon.png; sourceTree = "<group>"; };
		8887C1241602EF230035E804 /* goToTopIcon.png */ = {isa = PBXFileReference; lastKnownFileType = image.png; path = goToTopIcon.png; sourceTree = "<group>"; };
		8887C1251602EF230035E804 /* goToTopIconSmall.png */ = {isa = PBXFileReference; lastKnownFileType = image.png; path = goToTopIconSmall.png; sourceTree = "<group>"; };
		8887C1261602EF230035E804 /* goToTopIconSmall@2x.png */ = {isa = PBXFileReference; lastKnownFileType = image.png; path = "goToTopIconSmall@2x.png"; sourceTree = "<group>"; };
		8887C1271602EF230035E804 /* goToTopIcon@2x.png */ = {isa = PBXFileReference; lastKnownFileType = image.png; path = "goToTopIcon@2x.png"; sourceTree = "<group>"; };
		8887C13D1603B53E0035E804 /* hashtagIcon.png */ = {isa = PBXFileReference; lastKnownFileType = image.png; path = hashtagIcon.png; sourceTree = "<group>"; };
		8887C13E1603B53E0035E804 /* hashtagIcon@2x.png */ = {isa = PBXFileReference; lastKnownFileType = image.png; path = "hashtagIcon@2x.png"; sourceTree = "<group>"; };
		8887C1421603B5EC0035E804 /* atIcon.png */ = {isa = PBXFileReference; lastKnownFileType = image.png; path = atIcon.png; sourceTree = "<group>"; };
		8887C1431603B5EC0035E804 /* atIcon@2x.png */ = {isa = PBXFileReference; lastKnownFileType = image.png; path = "atIcon@2x.png"; sourceTree = "<group>"; };
		8887C1541603B9090035E804 /* V8HorizontalPickerView.h */ = {isa = PBXFileReference; fileEncoding = 4; lastKnownFileType = sourcecode.c.h; path = V8HorizontalPickerView.h; sourceTree = "<group>"; };
		8887C1551603B9090035E804 /* V8HorizontalPickerView.m */ = {isa = PBXFileReference; fileEncoding = 4; lastKnownFileType = sourcecode.c.objc; path = V8HorizontalPickerView.m; sourceTree = "<group>"; };
		8887C1561603B9090035E804 /* V8HorizontalPickerViewProtocol.h */ = {isa = PBXFileReference; fileEncoding = 4; lastKnownFileType = sourcecode.c.h; path = V8HorizontalPickerViewProtocol.h; sourceTree = "<group>"; };
		8887C15C1603CFCC0035E804 /* cameraIcon.png */ = {isa = PBXFileReference; lastKnownFileType = image.png; path = cameraIcon.png; sourceTree = "<group>"; };
		8887C15D1603CFCC0035E804 /* cameraIconSmall.png */ = {isa = PBXFileReference; lastKnownFileType = image.png; path = cameraIconSmall.png; sourceTree = "<group>"; };
		8887C15E1603CFCC0035E804 /* cameraIconSmall@2x.png */ = {isa = PBXFileReference; lastKnownFileType = image.png; path = "cameraIconSmall@2x.png"; sourceTree = "<group>"; };
		8887C15F1603CFCC0035E804 /* cameraIcon@2x.png */ = {isa = PBXFileReference; lastKnownFileType = image.png; path = "cameraIcon@2x.png"; sourceTree = "<group>"; };
		88AA3BF615FF8BB800B550D2 /* Lattice.app */ = {isa = PBXFileReference; explicitFileType = wrapper.application; includeInIndex = 0; path = Lattice.app; sourceTree = BUILT_PRODUCTS_DIR; };
		88AA3BFA15FF8BB800B550D2 /* UIKit.framework */ = {isa = PBXFileReference; lastKnownFileType = wrapper.framework; name = UIKit.framework; path = System/Library/Frameworks/UIKit.framework; sourceTree = SDKROOT; };
		88AA3BFC15FF8BB800B550D2 /* Foundation.framework */ = {isa = PBXFileReference; lastKnownFileType = wrapper.framework; name = Foundation.framework; path = System/Library/Frameworks/Foundation.framework; sourceTree = SDKROOT; };
		88AA3BFE15FF8BB800B550D2 /* CoreGraphics.framework */ = {isa = PBXFileReference; lastKnownFileType = wrapper.framework; name = CoreGraphics.framework; path = System/Library/Frameworks/CoreGraphics.framework; sourceTree = SDKROOT; };
		88AA3C0215FF8BB800B550D2 /* Lattice-Info.plist */ = {isa = PBXFileReference; lastKnownFileType = text.plist.xml; path = "Lattice-Info.plist"; sourceTree = "<group>"; };
		88AA3C0415FF8BB800B550D2 /* en */ = {isa = PBXFileReference; lastKnownFileType = text.plist.strings; name = en; path = en.lproj/InfoPlist.strings; sourceTree = "<group>"; };
		88AA3C0615FF8BB800B550D2 /* main.m */ = {isa = PBXFileReference; lastKnownFileType = sourcecode.c.objc; path = main.m; sourceTree = "<group>"; };
		88AA3C0815FF8BB800B550D2 /* Lattice-Prefix.pch */ = {isa = PBXFileReference; lastKnownFileType = sourcecode.c.h; lineEnding = 0; path = "Lattice-Prefix.pch"; sourceTree = "<group>"; xcLanguageSpecificationIdentifier = xcode.lang.objc; };
		88AA3C0915FF8BB800B550D2 /* SWAppDelegate.h */ = {isa = PBXFileReference; lastKnownFileType = sourcecode.c.h; path = SWAppDelegate.h; sourceTree = "<group>"; };
		88AA3C0A15FF8BB800B550D2 /* SWAppDelegate.m */ = {isa = PBXFileReference; lastKnownFileType = sourcecode.c.objc; path = SWAppDelegate.m; sourceTree = "<group>"; };
		88AA3C0D15FF8BB800B550D2 /* en */ = {isa = PBXFileReference; lastKnownFileType = file.storyboard; name = en; path = en.lproj/MainStoryboard.storyboard; sourceTree = "<group>"; };
		88AA3C1215FF8BB800B550D2 /* first.png */ = {isa = PBXFileReference; lastKnownFileType = image.png; path = first.png; sourceTree = "<group>"; };
		88AA3C1415FF8BB800B550D2 /* first@2x.png */ = {isa = PBXFileReference; lastKnownFileType = image.png; path = "first@2x.png"; sourceTree = "<group>"; };
		88AA3C1915FF8BB800B550D2 /* second.png */ = {isa = PBXFileReference; lastKnownFileType = image.png; path = second.png; sourceTree = "<group>"; };
		88AA3C1B15FF8BB800B550D2 /* second@2x.png */ = {isa = PBXFileReference; lastKnownFileType = image.png; path = "second@2x.png"; sourceTree = "<group>"; };
		88AA3C2315FF964C00B550D2 /* SWFeedViewController.h */ = {isa = PBXFileReference; fileEncoding = 4; lastKnownFileType = sourcecode.c.h; lineEnding = 0; path = SWFeedViewController.h; sourceTree = "<group>"; xcLanguageSpecificationIdentifier = xcode.lang.objcpp; };
		88AA3C2415FF964C00B550D2 /* SWFeedViewController.m */ = {isa = PBXFileReference; fileEncoding = 4; lastKnownFileType = sourcecode.c.objc; lineEnding = 0; path = SWFeedViewController.m; sourceTree = "<group>"; xcLanguageSpecificationIdentifier = xcode.lang.objc; };
		88AA3C2715FF96B000B550D2 /* SWPostCell.h */ = {isa = PBXFileReference; fileEncoding = 4; lastKnownFileType = sourcecode.c.h; path = SWPostCell.h; sourceTree = "<group>"; };
		88AA3C2815FF96B000B550D2 /* SWPostCell.m */ = {isa = PBXFileReference; fileEncoding = 4; lastKnownFileType = sourcecode.c.objc; path = SWPostCell.m; sourceTree = "<group>"; };
		88AA3C2F15FFAA2000B550D2 /* avatarExample.png */ = {isa = PBXFileReference; lastKnownFileType = image.png; path = avatarExample.png; sourceTree = "<group>"; };
		88AA3C3015FFAA2000B550D2 /* avatarExample@2x.png */ = {isa = PBXFileReference; lastKnownFileType = image.png; path = "avatarExample@2x.png"; sourceTree = "<group>"; };
		88AA3C3315FFAD4700B550D2 /* QuartzCore.framework */ = {isa = PBXFileReference; lastKnownFileType = wrapper.framework; name = QuartzCore.framework; path = System/Library/Frameworks/QuartzCore.framework; sourceTree = SDKROOT; };
		88AA3C4215FFCC2800B550D2 /* SWMainMenuViewController.h */ = {isa = PBXFileReference; fileEncoding = 4; lastKnownFileType = sourcecode.c.h; path = SWMainMenuViewController.h; sourceTree = "<group>"; };
		88AA3C4315FFCC2800B550D2 /* SWMainMenuViewController.m */ = {isa = PBXFileReference; fileEncoding = 4; lastKnownFileType = sourcecode.c.objc; path = SWMainMenuViewController.m; sourceTree = "<group>"; };
		88AA3C4D15FFD2D400B550D2 /* SWConnectViewController.h */ = {isa = PBXFileReference; fileEncoding = 4; lastKnownFileType = sourcecode.c.h; path = SWConnectViewController.h; sourceTree = "<group>"; };
		88AA3C4E15FFD2D400B550D2 /* SWConnectViewController.m */ = {isa = PBXFileReference; fileEncoding = 4; lastKnownFileType = sourcecode.c.objc; path = SWConnectViewController.m; sourceTree = "<group>"; };
		88AA3C6115FFD82300B550D2 /* AFHTTPClient.h */ = {isa = PBXFileReference; fileEncoding = 4; lastKnownFileType = sourcecode.c.h; path = AFHTTPClient.h; sourceTree = "<group>"; };
		88AA3C6215FFD82300B550D2 /* AFHTTPClient.m */ = {isa = PBXFileReference; fileEncoding = 4; lastKnownFileType = sourcecode.c.objc; lineEnding = 0; path = AFHTTPClient.m; sourceTree = "<group>"; xcLanguageSpecificationIdentifier = xcode.lang.objc; };
		88AA3C6315FFD82300B550D2 /* AFHTTPRequestOperation.h */ = {isa = PBXFileReference; fileEncoding = 4; lastKnownFileType = sourcecode.c.h; path = AFHTTPRequestOperation.h; sourceTree = "<group>"; };
		88AA3C6415FFD82300B550D2 /* AFHTTPRequestOperation.m */ = {isa = PBXFileReference; fileEncoding = 4; lastKnownFileType = sourcecode.c.objc; lineEnding = 0; path = AFHTTPRequestOperation.m; sourceTree = "<group>"; xcLanguageSpecificationIdentifier = xcode.lang.objc; };
		88AA3C6515FFD82300B550D2 /* AFImageRequestOperation.h */ = {isa = PBXFileReference; fileEncoding = 4; lastKnownFileType = sourcecode.c.h; path = AFImageRequestOperation.h; sourceTree = "<group>"; };
		88AA3C6615FFD82300B550D2 /* AFImageRequestOperation.m */ = {isa = PBXFileReference; fileEncoding = 4; lastKnownFileType = sourcecode.c.objc; path = AFImageRequestOperation.m; sourceTree = "<group>"; };
		88AA3C6715FFD82300B550D2 /* AFJSONRequestOperation.h */ = {isa = PBXFileReference; fileEncoding = 4; lastKnownFileType = sourcecode.c.h; path = AFJSONRequestOperation.h; sourceTree = "<group>"; };
		88AA3C6815FFD82300B550D2 /* AFJSONRequestOperation.m */ = {isa = PBXFileReference; fileEncoding = 4; lastKnownFileType = sourcecode.c.objc; path = AFJSONRequestOperation.m; sourceTree = "<group>"; };
		88AA3C6915FFD82300B550D2 /* AFJSONUtilities.h */ = {isa = PBXFileReference; fileEncoding = 4; lastKnownFileType = sourcecode.c.h; path = AFJSONUtilities.h; sourceTree = "<group>"; };
		88AA3C6A15FFD82300B550D2 /* AFJSONUtilities.m */ = {isa = PBXFileReference; fileEncoding = 4; lastKnownFileType = sourcecode.c.objc; path = AFJSONUtilities.m; sourceTree = "<group>"; };
		88AA3C6B15FFD82300B550D2 /* AFNetworkActivityIndicatorManager.h */ = {isa = PBXFileReference; fileEncoding = 4; lastKnownFileType = sourcecode.c.h; path = AFNetworkActivityIndicatorManager.h; sourceTree = "<group>"; };
		88AA3C6C15FFD82300B550D2 /* AFNetworkActivityIndicatorManager.m */ = {isa = PBXFileReference; fileEncoding = 4; lastKnownFileType = sourcecode.c.objc; path = AFNetworkActivityIndicatorManager.m; sourceTree = "<group>"; };
		88AA3C6D15FFD82300B550D2 /* AFNetworking.h */ = {isa = PBXFileReference; fileEncoding = 4; lastKnownFileType = sourcecode.c.h; path = AFNetworking.h; sourceTree = "<group>"; };
		88AA3C6E15FFD82300B550D2 /* AFPropertyListRequestOperation.h */ = {isa = PBXFileReference; fileEncoding = 4; lastKnownFileType = sourcecode.c.h; path = AFPropertyListRequestOperation.h; sourceTree = "<group>"; };
		88AA3C6F15FFD82300B550D2 /* AFPropertyListRequestOperation.m */ = {isa = PBXFileReference; fileEncoding = 4; lastKnownFileType = sourcecode.c.objc; path = AFPropertyListRequestOperation.m; sourceTree = "<group>"; };
		88AA3C7015FFD82300B550D2 /* AFURLConnectionOperation.h */ = {isa = PBXFileReference; fileEncoding = 4; lastKnownFileType = sourcecode.c.h; path = AFURLConnectionOperation.h; sourceTree = "<group>"; };
		88AA3C7115FFD82300B550D2 /* AFURLConnectionOperation.m */ = {isa = PBXFileReference; fileEncoding = 4; lastKnownFileType = sourcecode.c.objc; path = AFURLConnectionOperation.m; sourceTree = "<group>"; };
		88AA3C7215FFD82300B550D2 /* AFXMLRequestOperation.h */ = {isa = PBXFileReference; fileEncoding = 4; lastKnownFileType = sourcecode.c.h; path = AFXMLRequestOperation.h; sourceTree = "<group>"; };
		88AA3C7315FFD82300B550D2 /* AFXMLRequestOperation.m */ = {isa = PBXFileReference; fileEncoding = 4; lastKnownFileType = sourcecode.c.objc; path = AFXMLRequestOperation.m; sourceTree = "<group>"; };
		88AA3C7415FFD82300B550D2 /* UIImageView+AFNetworking.h */ = {isa = PBXFileReference; fileEncoding = 4; lastKnownFileType = sourcecode.c.h; path = "UIImageView+AFNetworking.h"; sourceTree = "<group>"; };
		88AA3C7515FFD82300B550D2 /* UIImageView+AFNetworking.m */ = {isa = PBXFileReference; fileEncoding = 4; lastKnownFileType = sourcecode.c.objc; path = "UIImageView+AFNetworking.m"; sourceTree = "<group>"; };
		88AA3C8215FFD8B100B550D2 /* SWPostAPI.h */ = {isa = PBXFileReference; fileEncoding = 4; lastKnownFileType = sourcecode.c.h; path = SWPostAPI.h; sourceTree = "<group>"; };
		88AA3C8315FFD8B100B550D2 /* SWPostAPI.m */ = {isa = PBXFileReference; fileEncoding = 4; lastKnownFileType = sourcecode.c.objc; path = SWPostAPI.m; sourceTree = "<group>"; };
		88AA3C8515FFD97500B550D2 /* SWAuthAPI.h */ = {isa = PBXFileReference; fileEncoding = 4; lastKnownFileType = sourcecode.c.h; path = SWAuthAPI.h; sourceTree = "<group>"; };
		88AA3C8615FFD97500B550D2 /* SWAuthAPI.m */ = {isa = PBXFileReference; fileEncoding = 4; lastKnownFileType = sourcecode.c.objc; path = SWAuthAPI.m; sourceTree = "<group>"; };
		88B435E7160D057000DEF194 /* SWItemAPI.h */ = {isa = PBXFileReference; fileEncoding = 4; lastKnownFileType = sourcecode.c.h; path = SWItemAPI.h; sourceTree = "<group>"; };
		88B435E8160D057000DEF194 /* SWItemAPI.m */ = {isa = PBXFileReference; fileEncoding = 4; lastKnownFileType = sourcecode.c.objc; path = SWItemAPI.m; sourceTree = "<group>"; };
		88B8372F1607A0E70066138D /* Default-568h@2x.png */ = {isa = PBXFileReference; lastKnownFileType = image.png; path = "Default-568h@2x.png"; sourceTree = "<group>"; };
		88F06201160C0213003F21AC /* SWAnnotationView.h */ = {isa = PBXFileReference; fileEncoding = 4; lastKnownFileType = sourcecode.c.h; path = SWAnnotationView.h; sourceTree = "<group>"; };
		88F06202160C0213003F21AC /* SWAnnotationView.m */ = {isa = PBXFileReference; fileEncoding = 4; lastKnownFileType = sourcecode.c.objc; path = SWAnnotationView.m; sourceTree = "<group>"; };
		88F06205160C0442003F21AC /* SWAnnotationCell.h */ = {isa = PBXFileReference; fileEncoding = 4; lastKnownFileType = sourcecode.c.h; path = SWAnnotationCell.h; sourceTree = "<group>"; };
		88F06206160C0442003F21AC /* SWAnnotationCell.m */ = {isa = PBXFileReference; fileEncoding = 4; lastKnownFileType = sourcecode.c.objc; path = SWAnnotationCell.m; sourceTree = "<group>"; };
		88F0620F160C16D5003F21AC /* SWPhotoImageView.h */ = {isa = PBXFileReference; fileEncoding = 4; lastKnownFileType = sourcecode.c.h; path = SWPhotoImageView.h; sourceTree = "<group>"; };
		88F06210160C16D5003F21AC /* SWPhotoImageView.m */ = {isa = PBXFileReference; fileEncoding = 4; lastKnownFileType = sourcecode.c.objc; path = SWPhotoImageView.m; sourceTree = "<group>"; };
		88F06213160C1F3D003F21AC /* LBYouTubePlayerController.h */ = {isa = PBXFileReference; fileEncoding = 4; lastKnownFileType = sourcecode.c.h; path = LBYouTubePlayerController.h; sourceTree = "<group>"; };
		88F06214160C1F3D003F21AC /* LBYouTubePlayerController.m */ = {isa = PBXFileReference; fileEncoding = 4; lastKnownFileType = sourcecode.c.objc; path = LBYouTubePlayerController.m; sourceTree = "<group>"; };
		88F06215160C1F3D003F21AC /* LBYouTubePlayerViewController.h */ = {isa = PBXFileReference; fileEncoding = 4; lastKnownFileType = sourcecode.c.h; path = LBYouTubePlayerViewController.h; sourceTree = "<group>"; };
		88F06216160C1F3D003F21AC /* LBYouTubePlayerViewController.m */ = {isa = PBXFileReference; fileEncoding = 4; lastKnownFileType = sourcecode.c.objc; path = LBYouTubePlayerViewController.m; sourceTree = "<group>"; };
		88F0621A160C1F52003F21AC /* MediaPlayer.framework */ = {isa = PBXFileReference; lastKnownFileType = wrapper.framework; name = MediaPlayer.framework; path = System/Library/Frameworks/MediaPlayer.framework; sourceTree = SDKROOT; };
		88F06221160C2566003F21AC /* JSONKit.m */ = {isa = PBXFileReference; lastKnownFileType = sourcecode.c.objc; path = JSONKit.m; sourceTree = "<group>"; };
		88F06222160C2566003F21AC /* JSONKit.h */ = {isa = PBXFileReference; lastKnownFileType = sourcecode.c.h; path = JSONKit.h; sourceTree = "<group>"; };
/* End PBXFileReference section */

/* Begin PBXFrameworksBuildPhase section */
		88AA3BF315FF8BB800B550D2 /* Frameworks */ = {
			isa = PBXFrameworksBuildPhase;
			buildActionMask = 2147483647;
			files = (
				88AA3BFF15FF8BB800B550D2 /* CoreGraphics.framework in Frameworks */,
				88510EF6160066C4009892C7 /* CoreText.framework in Frameworks */,
				88AA3BFD15FF8BB800B550D2 /* Foundation.framework in Frameworks */,
				88F0621C160C1F5C003F21AC /* MediaPlayer.framework in Frameworks */,
				88AA3C3515FFAD4E00B550D2 /* QuartzCore.framework in Frameworks */,
				88AA3BFB15FF8BB800B550D2 /* UIKit.framework in Frameworks */,
			);
			runOnlyForDeploymentPostprocessing = 0;
		};
/* End PBXFrameworksBuildPhase section */

/* Begin PBXGroup section */
		88510E9615FFEA80009892C7 /* TimeScroller */ = {
			isa = PBXGroup;
			children = (
				88510E9B15FFEA80009892C7 /* timescroll_pointer.png */,
				88510E9C15FFEA80009892C7 /* timescroll_pointer@2x.png */,
				88510E9D15FFEA80009892C7 /* TimeScroller.h */,
				88510E9E15FFEA80009892C7 /* TimeScroller.m */,
			);
			path = TimeScroller;
			sourceTree = "<group>";
		};
		88510EB216004A28009892C7 /* External */ = {
			isa = PBXGroup;
			children = (
				88F06212160C1F3C003F21AC /* LBYouTubePlayerController */,
				88F06219160C1F43003F21AC /* JSONKit */,
				8887C1531603B9090035E804 /* V8HorizontalPickerView */,
				88510EED16006611009892C7 /* OHAttributedLabel */,
				88510EBD16004C89009892C7 /* ODRefreshControl */,
				88510EB316004A44009892C7 /* SVProgressHUD */,
				88AA3C6015FFD82300B550D2 /* AFNetworking */,
				88510E9615FFEA80009892C7 /* TimeScroller */,
			);
			name = External;
			sourceTree = "<group>";
		};
		88510EB316004A44009892C7 /* SVProgressHUD */ = {
			isa = PBXGroup;
			children = (
				88510EB416004A44009892C7 /* SVProgressHUD.bundle */,
				88510EB516004A44009892C7 /* SVProgressHUD.h */,
				88510EB616004A44009892C7 /* SVProgressHUD.m */,
			);
			path = SVProgressHUD;
			sourceTree = "<group>";
		};
		88510EBD16004C89009892C7 /* ODRefreshControl */ = {
			isa = PBXGroup;
			children = (
				88510EBE16004C89009892C7 /* ODRefreshControl.h */,
				88510EBF16004C89009892C7 /* ODRefreshControl.m */,
			);
			path = ODRefreshControl;
			sourceTree = "<group>";
		};
		88510ED816005E5D009892C7 /* Images */ = {
			isa = PBXGroup;
			children = (
				8887C15C1603CFCC0035E804 /* cameraIcon.png */,
				8887C15D1603CFCC0035E804 /* cameraIconSmall.png */,
				8887C15E1603CFCC0035E804 /* cameraIconSmall@2x.png */,
				8887C15F1603CFCC0035E804 /* cameraIcon@2x.png */,
				8887C1421603B5EC0035E804 /* atIcon.png */,
				8887C1431603B5EC0035E804 /* atIcon@2x.png */,
				8887C13D1603B53E0035E804 /* hashtagIcon.png */,
				8887C13E1603B53E0035E804 /* hashtagIcon@2x.png */,
				8887C1241602EF230035E804 /* goToTopIcon.png */,
				8887C1251602EF230035E804 /* goToTopIconSmall.png */,
				8887C1261602EF230035E804 /* goToTopIconSmall@2x.png */,
				8887C1271602EF230035E804 /* goToTopIcon@2x.png */,
				8887C11C160286630035E804 /* replyIconSmallWhite.png */,
				8887C11D160286630035E804 /* replyIconSmallWhite@2x.png */,
				8887C118160286250035E804 /* repostIconSmallWhite.png */,
				8887C119160286250035E804 /* repostIconSmallWhite@2x.png */,
				8887C113160285EA0035E804 /* starIconSmallWhite.png */,
				8887C114160285EA0035E804 /* starIconSmallWhite@2x.png */,
				8878B07F1602584F00691C54 /* chatIconSmall.png */,
				8878B0801602584F00691C54 /* chatIconSmall@2x.png */,
				8878B07E1602584F00691C54 /* chatIcon.png */,
				8878B0811602584F00691C54 /* chatIcon@2x.png */,
				8878B05616014E0F00691C54 /* back.png */,
				8878B05716014E0F00691C54 /* back@2x.png */,
				8878B05816014E0F00691C54 /* forward.png */,
				8878B05916014E0F00691C54 /* forward@2x.png */,
				8878B04516012BB500691C54 /* moreIcon.png */,
				8878B04616012BB500691C54 /* moreIcon@2x.png */,
				8878B037160122C600691C54 /* repostIcon.png */,
				8878B038160122C600691C54 /* repostIconSmall.png */,
				8878B039160122C600691C54 /* repostIconSmall@2x.png */,
				8878B03A160122C600691C54 /* repostIcon@2x.png */,
				88510EE116005F7A009892C7 /* starIcon.png */,
				88510EE216005F7A009892C7 /* starIconSmall.png */,
				88510EE316005F7A009892C7 /* starIconSmall@2x.png */,
				88510EE416005F7A009892C7 /* starIcon@2x.png */,
				88510ED916005F1B009892C7 /* replyAllIconSmall.png */,
				88510EDA16005F1C009892C7 /* replyIconSmall.png */,
				88510EDB16005F1C009892C7 /* replyAllIconSmall@2x.png */,
				88510EDC16005F1C009892C7 /* replyIconSmall@2x.png */,
				88AA3C1215FF8BB800B550D2 /* first.png */,
				88AA3C1415FF8BB800B550D2 /* first@2x.png */,
				88AA3C1915FF8BB800B550D2 /* second.png */,
				88AA3C1B15FF8BB800B550D2 /* second@2x.png */,
				88AA3C2F15FFAA2000B550D2 /* avatarExample.png */,
				88AA3C3015FFAA2000B550D2 /* avatarExample@2x.png */,
				88510ED016005E58009892C7 /* replyAllIcon.png */,
				88510ED116005E58009892C7 /* replyIcon.png */,
				88510ED216005E58009892C7 /* replyAllIcon@2x.png */,
				88510ED316005E58009892C7 /* replyIcon@2x.png */,
			);
			name = Images;
			sourceTree = "<group>";
		};
		88510EED16006611009892C7 /* OHAttributedLabel */ = {
			isa = PBXGroup;
			children = (
				88510EEE16006611009892C7 /* NSAttributedString+Attributes.h */,
				88510EEF16006611009892C7 /* NSAttributedString+Attributes.m */,
				88510EF016006611009892C7 /* OHAttributedLabel.h */,
				88510EF116006611009892C7 /* OHAttributedLabel.m */,
			);
			path = OHAttributedLabel;
			sourceTree = "<group>";
		};
		8878B05E16014EB300691C54 /* Misc. View Controllers */ = {
			isa = PBXGroup;
			children = (
				8878B05F16014ED100691C54 /* SWWebViewController.h */,
				8878B06016014ED100691C54 /* SWWebViewController.m */,
				8878B0711601704200691C54 /* SWComposeViewController.h */,
				8878B0721601704200691C54 /* SWComposeViewController.m */,
			);
			name = "Misc. View Controllers";
			sourceTree = "<group>";
		};
		8887C1531603B9090035E804 /* V8HorizontalPickerView */ = {
			isa = PBXGroup;
			children = (
				8887C1541603B9090035E804 /* V8HorizontalPickerView.h */,
				8887C1551603B9090035E804 /* V8HorizontalPickerView.m */,
				8887C1561603B9090035E804 /* V8HorizontalPickerViewProtocol.h */,
			);
			path = V8HorizontalPickerView;
			sourceTree = "<group>";
		};
		88AA3BEB15FF8BB800B550D2 = {
			isa = PBXGroup;
			children = (
				88B8372F1607A0E70066138D /* Default-568h@2x.png */,
				8887C12216028F230035E804 /* latticeIcon.png */,
				8887C12016028F1F0035E804 /* latticeIcon@2x.png */,
				88AA3C0015FF8BB800B550D2 /* Lattice */,
				88AA3BF915FF8BB800B550D2 /* Frameworks */,
				88AA3BF715FF8BB800B550D2 /* Products */,
			);
			sourceTree = "<group>";
		};
		88AA3BF715FF8BB800B550D2 /* Products */ = {
			isa = PBXGroup;
			children = (
				88AA3BF615FF8BB800B550D2 /* Lattice.app */,
			);
			name = Products;
			sourceTree = "<group>";
		};
		88AA3BF915FF8BB800B550D2 /* Frameworks */ = {
			isa = PBXGroup;
			children = (
				88F0621A160C1F52003F21AC /* MediaPlayer.framework */,
				88510EF4160066BD009892C7 /* CoreText.framework */,
				88AA3C3315FFAD4700B550D2 /* QuartzCore.framework */,
				88AA3BFA15FF8BB800B550D2 /* UIKit.framework */,
				88AA3BFC15FF8BB800B550D2 /* Foundation.framework */,
				88AA3BFE15FF8BB800B550D2 /* CoreGraphics.framework */,
			);
			name = Frameworks;
			sourceTree = "<group>";
		};
		88AA3C0015FF8BB800B550D2 /* Lattice */ = {
			isa = PBXGroup;
			children = (
				88AA3C0915FF8BB800B550D2 /* SWAppDelegate.h */,
				88AA3C0A15FF8BB800B550D2 /* SWAppDelegate.m */,
				88AA3C0C15FF8BB800B550D2 /* MainStoryboard.storyboard */,
				88AA3C4C15FFD2C200B550D2 /* Connect */,
				88AA3C2215FF963800B550D2 /* Feed */,
				88AA3C4115FFCC0F00B550D2 /* Menu */,
				8878B05E16014EB300691C54 /* Misc. View Controllers */,
				88F061FF160C01F4003F21AC /* UI Elements */,
				88AA3C8115FFD89F00B550D2 /* API */,
				88AA3C8815FFDACD00B550D2 /* Models */,
				88510EB216004A28009892C7 /* External */,
				88510ED816005E5D009892C7 /* Images */,
				88AA3C0115FF8BB800B550D2 /* Supporting Files */,
			);
			path = Lattice;
			sourceTree = "<group>";
		};
		88AA3C0115FF8BB800B550D2 /* Supporting Files */ = {
			isa = PBXGroup;
			children = (
				88AA3C0215FF8BB800B550D2 /* Lattice-Info.plist */,
				88AA3C0315FF8BB800B550D2 /* InfoPlist.strings */,
				88AA3C0615FF8BB800B550D2 /* main.m */,
				88AA3C0815FF8BB800B550D2 /* Lattice-Prefix.pch */,
			);
			name = "Supporting Files";
			sourceTree = "<group>";
		};
		88AA3C2215FF963800B550D2 /* Feed */ = {
			isa = PBXGroup;
			children = (
				88AA3C2315FF964C00B550D2 /* SWFeedViewController.h */,
				88AA3C2415FF964C00B550D2 /* SWFeedViewController.m */,
				88510EC4160050A9009892C7 /* SWPostDetailViewController.h */,
				88510EC5160050A9009892C7 /* SWPostDetailViewController.m */,
				88510ECD16005BA0009892C7 /* SWUserDetailViewController.h */,
				88510ECE16005BA0009892C7 /* SWUserDetailViewController.m */,
				8878B07B160250F700691C54 /* SWUserListViewController.h */,
				8878B07C160250F700691C54 /* SWUserListViewController.m */,
				88AA3C2615FF96A200B550D2 /* Table Cells */,
			);
			name = Feed;
			sourceTree = "<group>";
		};
		88AA3C2615FF96A200B550D2 /* Table Cells */ = {
			isa = PBXGroup;
			children = (
				88AA3C2715FF96B000B550D2 /* SWPostCell.h */,
				88AA3C2815FF96B000B550D2 /* SWPostCell.m */,
				88510EC716005502009892C7 /* SWUserCell.h */,
				88510EC816005502009892C7 /* SWUserCell.m */,
				88510ECA1600562D009892C7 /* SWActionCell.h */,
				88510ECB1600562D009892C7 /* SWActionCell.m */,
			);
			name = "Table Cells";
			sourceTree = "<group>";
		};
		88AA3C4115FFCC0F00B550D2 /* Menu */ = {
			isa = PBXGroup;
			children = (
				88AA3C4215FFCC2800B550D2 /* SWMainMenuViewController.h */,
				88AA3C4315FFCC2800B550D2 /* SWMainMenuViewController.m */,
			);
			name = Menu;
			sourceTree = "<group>";
		};
		88AA3C4C15FFD2C200B550D2 /* Connect */ = {
			isa = PBXGroup;
			children = (
				88AA3C4D15FFD2D400B550D2 /* SWConnectViewController.h */,
				88AA3C4E15FFD2D400B550D2 /* SWConnectViewController.m */,
			);
			name = Connect;
			sourceTree = "<group>";
		};
		88AA3C6015FFD82300B550D2 /* AFNetworking */ = {
			isa = PBXGroup;
			children = (
				88AA3C6115FFD82300B550D2 /* AFHTTPClient.h */,
				88AA3C6215FFD82300B550D2 /* AFHTTPClient.m */,
				88AA3C6315FFD82300B550D2 /* AFHTTPRequestOperation.h */,
				88AA3C6415FFD82300B550D2 /* AFHTTPRequestOperation.m */,
				88AA3C6515FFD82300B550D2 /* AFImageRequestOperation.h */,
				88AA3C6615FFD82300B550D2 /* AFImageRequestOperation.m */,
				88AA3C6715FFD82300B550D2 /* AFJSONRequestOperation.h */,
				88AA3C6815FFD82300B550D2 /* AFJSONRequestOperation.m */,
				88AA3C6915FFD82300B550D2 /* AFJSONUtilities.h */,
				88AA3C6A15FFD82300B550D2 /* AFJSONUtilities.m */,
				88AA3C6B15FFD82300B550D2 /* AFNetworkActivityIndicatorManager.h */,
				88AA3C6C15FFD82300B550D2 /* AFNetworkActivityIndicatorManager.m */,
				88AA3C6D15FFD82300B550D2 /* AFNetworking.h */,
				88AA3C6E15FFD82300B550D2 /* AFPropertyListRequestOperation.h */,
				88AA3C6F15FFD82300B550D2 /* AFPropertyListRequestOperation.m */,
				88AA3C7015FFD82300B550D2 /* AFURLConnectionOperation.h */,
				88AA3C7115FFD82300B550D2 /* AFURLConnectionOperation.m */,
				88AA3C7215FFD82300B550D2 /* AFXMLRequestOperation.h */,
				88AA3C7315FFD82300B550D2 /* AFXMLRequestOperation.m */,
				88AA3C7415FFD82300B550D2 /* UIImageView+AFNetworking.h */,
				88AA3C7515FFD82300B550D2 /* UIImageView+AFNetworking.m */,
			);
			path = AFNetworking;
			sourceTree = "<group>";
		};
		88AA3C8115FFD89F00B550D2 /* API */ = {
			isa = PBXGroup;
			children = (
				88AA3C8515FFD97500B550D2 /* SWAuthAPI.h */,
				88AA3C8615FFD97500B550D2 /* SWAuthAPI.m */,
				88510EA715FFEB49009892C7 /* SWHelpers.h */,
				88510EA815FFEB49009892C7 /* SWHelpers.m */,
				88AA3C8215FFD8B100B550D2 /* SWPostAPI.h */,
				88AA3C8315FFD8B100B550D2 /* SWPostAPI.m */,
				88510EC116004E4B009892C7 /* SWUserAPI.h */,
				88510EC216004E4B009892C7 /* SWUserAPI.m */,
				37A60598160BFB700010180A /* SWFeedAPI.h */,
				37A60599160BFB700010180A /* SWFeedAPI.m */,
				88B435E7160D057000DEF194 /* SWItemAPI.h */,
				88B435E8160D057000DEF194 /* SWItemAPI.m */,
			);
			name = API;
			sourceTree = "<group>";
		};
		88AA3C8815FFDACD00B550D2 /* Models */ = {
			isa = PBXGroup;
			children = (
				88183287160AD95400B3F6D2 /* SWFeed.h */,
				88183288160AD95400B3F6D2 /* SWFeed.m */,
			);
			name = Models;
			sourceTree = "<group>";
		};
		88F061FF160C01F4003F21AC /* UI Elements */ = {
			isa = PBXGroup;
			children = (
				88F06201160C0213003F21AC /* SWAnnotationView.h */,
				88F06202160C0213003F21AC /* SWAnnotationView.m */,
				88F0620F160C16D5003F21AC /* SWPhotoImageView.h */,
				88F06210160C16D5003F21AC /* SWPhotoImageView.m */,
				88F06204160C0432003F21AC /* Table Cells */,
			);
			name = "UI Elements";
			sourceTree = "<group>";
		};
		88F06204160C0432003F21AC /* Table Cells */ = {
			isa = PBXGroup;
			children = (
				88F06205160C0442003F21AC /* SWAnnotationCell.h */,
				88F06206160C0442003F21AC /* SWAnnotationCell.m */,
			);
			name = "Table Cells";
			sourceTree = "<group>";
		};
		88F06212160C1F3C003F21AC /* LBYouTubePlayerController */ = {
			isa = PBXGroup;
			children = (
				88F06213160C1F3D003F21AC /* LBYouTubePlayerController.h */,
				88F06214160C1F3D003F21AC /* LBYouTubePlayerController.m */,
				88F06215160C1F3D003F21AC /* LBYouTubePlayerViewController.h */,
				88F06216160C1F3D003F21AC /* LBYouTubePlayerViewController.m */,
			);
			path = LBYouTubePlayerController;
			sourceTree = "<group>";
		};
		88F06219160C1F43003F21AC /* JSONKit */ = {
			isa = PBXGroup;
			children = (
				88F06221160C2566003F21AC /* JSONKit.m */,
				88F06222160C2566003F21AC /* JSONKit.h */,
			);
			path = JSONKit;
			sourceTree = "<group>";
		};
/* End PBXGroup section */

/* Begin PBXNativeTarget section */
		88AA3BF515FF8BB800B550D2 /* Lattice */ = {
			isa = PBXNativeTarget;
			buildConfigurationList = 88AA3C1F15FF8BB800B550D2 /* Build configuration list for PBXNativeTarget "Lattice" */;
			buildPhases = (
				88AA3BF215FF8BB800B550D2 /* Sources */,
				88AA3BF315FF8BB800B550D2 /* Frameworks */,
				88AA3BF415FF8BB800B550D2 /* Resources */,
			);
			buildRules = (
			);
			dependencies = (
			);
			name = Lattice;
			productName = Lattice;
			productReference = 88AA3BF615FF8BB800B550D2 /* Lattice.app */;
			productType = "com.apple.product-type.application";
		};
/* End PBXNativeTarget section */

/* Begin PBXProject section */
		88AA3BED15FF8BB800B550D2 /* Project object */ = {
			isa = PBXProject;
			attributes = {
				CLASSPREFIX = SW;
				LastUpgradeCheck = 0440;
				ORGANIZATIONNAME = "Sam Warmuth";
			};
			buildConfigurationList = 88AA3BF015FF8BB800B550D2 /* Build configuration list for PBXProject "Lattice" */;
			compatibilityVersion = "Xcode 3.2";
			developmentRegion = English;
			hasScannedForEncodings = 0;
			knownRegions = (
				en,
			);
			mainGroup = 88AA3BEB15FF8BB800B550D2;
			productRefGroup = 88AA3BF715FF8BB800B550D2 /* Products */;
			projectDirPath = "";
			projectRoot = "";
			targets = (
				88AA3BF515FF8BB800B550D2 /* Lattice */,
			);
		};
/* End PBXProject section */

/* Begin PBXResourcesBuildPhase section */
		88AA3BF415FF8BB800B550D2 /* Resources */ = {
			isa = PBXResourcesBuildPhase;
			buildActionMask = 2147483647;
			files = (
				88AA3C0515FF8BB800B550D2 /* InfoPlist.strings in Resources */,
				88AA3C0E15FF8BB800B550D2 /* MainStoryboard.storyboard in Resources */,
				88AA3C1315FF8BB800B550D2 /* first.png in Resources */,
				88AA3C1515FF8BB800B550D2 /* first@2x.png in Resources */,
				88AA3C1A15FF8BB800B550D2 /* second.png in Resources */,
				88AA3C1C15FF8BB800B550D2 /* second@2x.png in Resources */,
				88AA3C3115FFAA2000B550D2 /* avatarExample.png in Resources */,
				88AA3C3215FFAA2000B550D2 /* avatarExample@2x.png in Resources */,
				88510EA315FFEA80009892C7 /* timescroll_pointer.png in Resources */,
				88510EA415FFEA80009892C7 /* timescroll_pointer@2x.png in Resources */,
				88510EB716004A44009892C7 /* SVProgressHUD.bundle in Resources */,
				88510ED416005E58009892C7 /* replyAllIcon.png in Resources */,
				88510ED516005E58009892C7 /* replyIcon.png in Resources */,
				88510ED616005E58009892C7 /* replyAllIcon@2x.png in Resources */,
				88510ED716005E58009892C7 /* replyIcon@2x.png in Resources */,
				88510EDD16005F1C009892C7 /* replyAllIconSmall.png in Resources */,
				88510EDE16005F1C009892C7 /* replyIconSmall.png in Resources */,
				88510EDF16005F1C009892C7 /* replyAllIconSmall@2x.png in Resources */,
				88510EE016005F1C009892C7 /* replyIconSmall@2x.png in Resources */,
				88510EE516005F7A009892C7 /* starIcon.png in Resources */,
				88510EE616005F7A009892C7 /* starIconSmall.png in Resources */,
				88510EE716005F7A009892C7 /* starIconSmall@2x.png in Resources */,
				88510EE816005F7B009892C7 /* starIcon@2x.png in Resources */,
				8878B03B160122C600691C54 /* repostIcon.png in Resources */,
				8878B03C160122C600691C54 /* repostIconSmall.png in Resources */,
				8878B03D160122C600691C54 /* repostIconSmall@2x.png in Resources */,
				8878B03E160122C600691C54 /* repostIcon@2x.png in Resources */,
				8878B04716012BB500691C54 /* moreIcon.png in Resources */,
				8878B04816012BB500691C54 /* moreIcon@2x.png in Resources */,
				8878B05A16014E0F00691C54 /* back.png in Resources */,
				8878B05B16014E0F00691C54 /* back@2x.png in Resources */,
				8878B05C16014E0F00691C54 /* forward.png in Resources */,
				8878B05D16014E0F00691C54 /* forward@2x.png in Resources */,
				8878B0821602584F00691C54 /* chatIcon.png in Resources */,
				8878B0831602584F00691C54 /* chatIconSmall.png in Resources */,
				8878B0841602584F00691C54 /* chatIconSmall@2x.png in Resources */,
				8878B0851602584F00691C54 /* chatIcon@2x.png in Resources */,
				8887C115160285EA0035E804 /* starIconSmallWhite.png in Resources */,
				8887C116160285EA0035E804 /* starIconSmallWhite@2x.png in Resources */,
				8887C11A160286250035E804 /* repostIconSmallWhite.png in Resources */,
				8887C11B160286250035E804 /* repostIconSmallWhite@2x.png in Resources */,
				8887C11E160286630035E804 /* replyIconSmallWhite.png in Resources */,
				8887C11F160286630035E804 /* replyIconSmallWhite@2x.png in Resources */,
				8887C12116028F1F0035E804 /* latticeIcon@2x.png in Resources */,
				8887C12316028F230035E804 /* latticeIcon.png in Resources */,
				8887C1281602EF230035E804 /* goToTopIcon.png in Resources */,
				8887C1291602EF230035E804 /* goToTopIconSmall.png in Resources */,
				8887C12A1602EF230035E804 /* goToTopIconSmall@2x.png in Resources */,
				8887C12B1602EF230035E804 /* goToTopIcon@2x.png in Resources */,
				8887C13F1603B53E0035E804 /* hashtagIcon.png in Resources */,
				8887C1401603B53E0035E804 /* hashtagIcon@2x.png in Resources */,
				8887C1441603B5EC0035E804 /* atIcon.png in Resources */,
				8887C1451603B5EC0035E804 /* atIcon@2x.png in Resources */,
				8887C1601603CFCC0035E804 /* cameraIcon.png in Resources */,
				8887C1611603CFCC0035E804 /* cameraIconSmall.png in Resources */,
				8887C1621603CFCC0035E804 /* cameraIconSmall@2x.png in Resources */,
				8887C1631603CFCC0035E804 /* cameraIcon@2x.png in Resources */,
				88B837301607A0E70066138D /* Default-568h@2x.png in Resources */,
			);
			runOnlyForDeploymentPostprocessing = 0;
		};
/* End PBXResourcesBuildPhase section */

/* Begin PBXSourcesBuildPhase section */
		88AA3BF215FF8BB800B550D2 /* Sources */ = {
			isa = PBXSourcesBuildPhase;
			buildActionMask = 2147483647;
			files = (
				88AA3C0715FF8BB800B550D2 /* main.m in Sources */,
				88AA3C0B15FF8BB800B550D2 /* SWAppDelegate.m in Sources */,
				88AA3C2515FF964C00B550D2 /* SWFeedViewController.m in Sources */,
				88AA3C2915FF96B000B550D2 /* SWPostCell.m in Sources */,
				88AA3C4415FFCC2800B550D2 /* SWMainMenuViewController.m in Sources */,
				88AA3C4F15FFD2D400B550D2 /* SWConnectViewController.m in Sources */,
				88AA3C7615FFD82300B550D2 /* AFHTTPClient.m in Sources */,
				88AA3C7715FFD82300B550D2 /* AFHTTPRequestOperation.m in Sources */,
				88AA3C7815FFD82300B550D2 /* AFImageRequestOperation.m in Sources */,
				88AA3C7915FFD82300B550D2 /* AFJSONRequestOperation.m in Sources */,
				88AA3C7A15FFD82300B550D2 /* AFJSONUtilities.m in Sources */,
				88AA3C7B15FFD82300B550D2 /* AFNetworkActivityIndicatorManager.m in Sources */,
				88AA3C7C15FFD82300B550D2 /* AFPropertyListRequestOperation.m in Sources */,
				88AA3C7D15FFD82300B550D2 /* AFURLConnectionOperation.m in Sources */,
				88AA3C7E15FFD82300B550D2 /* AFXMLRequestOperation.m in Sources */,
				88AA3C7F15FFD82300B550D2 /* UIImageView+AFNetworking.m in Sources */,
				88AA3C8415FFD8B100B550D2 /* SWPostAPI.m in Sources */,
				88AA3C8715FFD97500B550D2 /* SWAuthAPI.m in Sources */,
				88510EA515FFEA80009892C7 /* TimeScroller.m in Sources */,
				88510EA915FFEB49009892C7 /* SWHelpers.m in Sources */,
				88510EB816004A44009892C7 /* SVProgressHUD.m in Sources */,
				88510EC016004C89009892C7 /* ODRefreshControl.m in Sources */,
				88510EC316004E4B009892C7 /* SWUserAPI.m in Sources */,
				88510EC6160050A9009892C7 /* SWPostDetailViewController.m in Sources */,
				88510EC916005502009892C7 /* SWUserCell.m in Sources */,
				88510ECC1600562D009892C7 /* SWActionCell.m in Sources */,
				88510ECF16005BA0009892C7 /* SWUserDetailViewController.m in Sources */,
				88510EF216006611009892C7 /* NSAttributedString+Attributes.m in Sources */,
				88510EF316006611009892C7 /* OHAttributedLabel.m in Sources */,
				8878B06116014ED100691C54 /* SWWebViewController.m in Sources */,
				8878B0731601704200691C54 /* SWComposeViewController.m in Sources */,
				8878B07D160250F700691C54 /* SWUserListViewController.m in Sources */,
				8887C1571603B9090035E804 /* V8HorizontalPickerView.m in Sources */,
				88183289160AD95400B3F6D2 /* SWFeed.m in Sources */,
				37A6059A160BFB700010180A /* SWFeedAPI.m in Sources */,
				88F06203160C0213003F21AC /* SWAnnotationView.m in Sources */,
				88F06207160C0442003F21AC /* SWAnnotationCell.m in Sources */,
				88F06211160C16D5003F21AC /* SWPhotoImageView.m in Sources */,
				88F06217160C1F3D003F21AC /* LBYouTubePlayerController.m in Sources */,
				88F06218160C1F3D003F21AC /* LBYouTubePlayerViewController.m in Sources */,
				88B435E9160D057000DEF194 /* SWItemAPI.m in Sources */,
			);
			runOnlyForDeploymentPostprocessing = 0;
		};
/* End PBXSourcesBuildPhase section */

/* Begin PBXVariantGroup section */
		88AA3C0315FF8BB800B550D2 /* InfoPlist.strings */ = {
			isa = PBXVariantGroup;
			children = (
				88AA3C0415FF8BB800B550D2 /* en */,
			);
			name = InfoPlist.strings;
			sourceTree = "<group>";
		};
		88AA3C0C15FF8BB800B550D2 /* MainStoryboard.storyboard */ = {
			isa = PBXVariantGroup;
			children = (
				88AA3C0D15FF8BB800B550D2 /* en */,
			);
			name = MainStoryboard.storyboard;
			sourceTree = "<group>";
		};
/* End PBXVariantGroup section */

/* Begin XCBuildConfiguration section */
		88AA3C1D15FF8BB800B550D2 /* Debug */ = {
			isa = XCBuildConfiguration;
			buildSettings = {
				ALWAYS_SEARCH_USER_PATHS = NO;
				ARCHS = "$(ARCHS_STANDARD_32_BIT)";
				CLANG_CXX_LANGUAGE_STANDARD = "gnu++0x";
				CLANG_ENABLE_OBJC_ARC = YES;
				CLANG_WARN__DUPLICATE_METHOD_MATCH = YES;
				"CODE_SIGN_IDENTITY[sdk=iphoneos*]" = "iPhone Developer";
				COPY_PHASE_STRIP = NO;
				GCC_C_LANGUAGE_STANDARD = gnu99;
				GCC_DYNAMIC_NO_PIC = NO;
				GCC_OPTIMIZATION_LEVEL = 0;
				GCC_PREPROCESSOR_DEFINITIONS = (
					"DEBUG=1",
					"$(inherited)",
				);
				GCC_SYMBOLS_PRIVATE_EXTERN = NO;
				GCC_VERSION = com.apple.compilers.llvm.clang.1_0;
				GCC_WARN_ABOUT_RETURN_TYPE = YES;
				GCC_WARN_UNINITIALIZED_AUTOS = YES;
				GCC_WARN_UNUSED_VARIABLE = YES;
				IPHONEOS_DEPLOYMENT_TARGET = 5.1;
				SDKROOT = iphoneos;
			};
			name = Debug;
		};
		88AA3C1E15FF8BB800B550D2 /* Release */ = {
			isa = XCBuildConfiguration;
			buildSettings = {
				ALWAYS_SEARCH_USER_PATHS = NO;
				ARCHS = "$(ARCHS_STANDARD_32_BIT)";
				CLANG_CXX_LANGUAGE_STANDARD = "gnu++0x";
				CLANG_ENABLE_OBJC_ARC = YES;
				CLANG_WARN__DUPLICATE_METHOD_MATCH = YES;
				"CODE_SIGN_IDENTITY[sdk=iphoneos*]" = "iPhone Developer";
				COPY_PHASE_STRIP = YES;
				GCC_C_LANGUAGE_STANDARD = gnu99;
				GCC_VERSION = com.apple.compilers.llvm.clang.1_0;
				GCC_WARN_ABOUT_RETURN_TYPE = YES;
				GCC_WARN_UNINITIALIZED_AUTOS = YES;
				GCC_WARN_UNUSED_VARIABLE = YES;
				IPHONEOS_DEPLOYMENT_TARGET = 5.1;
				OTHER_CFLAGS = "-DNS_BLOCK_ASSERTIONS=1";
				SDKROOT = iphoneos;
				VALIDATE_PRODUCT = YES;
			};
			name = Release;
		};
		88AA3C2015FF8BB800B550D2 /* Debug */ = {
			isa = XCBuildConfiguration;
			buildSettings = {
				GCC_PRECOMPILE_PREFIX_HEADER = YES;
				GCC_PREFIX_HEADER = "Lattice/Lattice-Prefix.pch";
				GCC_TREAT_WARNINGS_AS_ERRORS = NO;
				INFOPLIST_FILE = "Lattice/Lattice-Info.plist";
				PRODUCT_NAME = "$(TARGET_NAME)";
				WRAPPER_EXTENSION = app;
			};
			name = Debug;
		};
		88AA3C2115FF8BB800B550D2 /* Release */ = {
			isa = XCBuildConfiguration;
			buildSettings = {
				GCC_PRECOMPILE_PREFIX_HEADER = YES;
				GCC_PREFIX_HEADER = "Lattice/Lattice-Prefix.pch";
				GCC_TREAT_WARNINGS_AS_ERRORS = NO;
				INFOPLIST_FILE = "Lattice/Lattice-Info.plist";
				PRODUCT_NAME = "$(TARGET_NAME)";
				WRAPPER_EXTENSION = app;
			};
			name = Release;
		};
/* End XCBuildConfiguration section */

/* Begin XCConfigurationList section */
		88AA3BF015FF8BB800B550D2 /* Build configuration list for PBXProject "Lattice" */ = {
			isa = XCConfigurationList;
			buildConfigurations = (
				88AA3C1D15FF8BB800B550D2 /* Debug */,
				88AA3C1E15FF8BB800B550D2 /* Release */,
			);
			defaultConfigurationIsVisible = 0;
			defaultConfigurationName = Release;
		};
		88AA3C1F15FF8BB800B550D2 /* Build configuration list for PBXNativeTarget "Lattice" */ = {
			isa = XCConfigurationList;
			buildConfigurations = (
				88AA3C2015FF8BB800B550D2 /* Debug */,
				88AA3C2115FF8BB800B550D2 /* Release */,
			);
			defaultConfigurationIsVisible = 0;
			defaultConfigurationName = Release;
		};
/* End XCConfigurationList section */
	};
	rootObject = 88AA3BED15FF8BB800B550D2 /* Project object */;
}
